
Microsoft Visual Studio Solution File, Format Version 12.00
# Visual Studio Version 17
VisualStudioVersion = 17.14.36121.58 d17.14
MinimumVisualStudioVersion = 10.0.40219.1
Project("{8BC9CEB8-8B4A-11D0-8D11-00A0C91BC942}") = "test_6_2通讯录", "test_6_2通讯录\test_6_2通讯录.vcxproj", "{936E6956-DC32-4305-A271-7B5B9F88D818}"
EndProject
Global
	GlobalSection(SolutionConfigurationPlatforms) = preSolution
		Debug|x64 = Debug|x64
		Debug|x86 = Debug|x86
		Release|x64 = Release|x64
		Release|x86 = Release|x86
	EndGlobalSection
	GlobalSection(ProjectConfigurationPlatforms) = postSolution
		{936E6956-DC32-4305-A271-7B5B9F88D818}.Debug|x64.ActiveCfg = Debug|x64
		{936E6956-DC32-4305-A271-7B5B9F88D818}.Debug|x64.Build.0 = Debug|x64
		{936E6956-DC32-4305-A271-7B5B9F88D818}.Debug|x86.ActiveCfg = Debug|Win32
		{936E6956-DC32-4305-A271-7B5B9F88D818}.Debug|x86.Build.0 = Debug|Win32
		{936E6956-DC32-4305-A271-7B5B9F88D818}.Release|x64.ActiveCfg = Release|x64
		{936E6956-DC32-4305-A271-7B5B9F88D818}.Release|x64.Build.0 = Release|x64
		{936E6956-DC32-4305-A271-7B5B9F88D818}.Release|x86.ActiveCfg = Release|Win32
		{936E6956-DC32-4305-A271-7B5B9F88D818}.Release|x86.Build.0 = Release|Win32
	EndGlobalSection
	GlobalSection(SolutionProperties) = preSolution
		HideSolutionNode = FALSE
	EndGlobalSection
	GlobalSection(ExtensibilityGlobals) = postSolution
		SolutionGuid = {043382F8-D9CB-4004-BD26-E6794C7D2912}
	EndGlobalSection
EndGlobal
